
Microsoft Visual Studio Solution File, Format Version 12.00
# Visual Studio 2012
Project("{FAE04EC0-301F-11D3-BF4B-00C04F79EFBC}") = "MediaCrush", "MediaCrush\MediaCrush.csproj", "{A921507B-E837-433F-8A61-74EB50E351AF}"
EndProject
Project("{FAE04EC0-301F-11D3-BF4B-00C04F79EFBC}") = "SharpCrush 4", "externals\SharpCrush\SharpCrush 4\SharpCrush 4.csproj", "{D6D257A6-6E3B-4B24-9D02-FB0FECBD8245}"
EndProject
Project("{FAE04EC0-301F-11D3-BF4B-00C04F79EFBC}") = "Mono.Cecil", "externals\cecil\Mono.Cecil.csproj", "{D68133BD-1E63-496E-9EDE-4FBDBF77B486}"
EndProject
Project("{FAE04EC0-301F-11D3-BF4B-00C04F79EFBC}") = "EmbedAssembly", "EmbedAssembly\EmbedAssembly.csproj", "{08F659AA-21D4-4AC4-A3BC-AD22E6913E1B}"
EndProject
Project("{FAE04EC0-301F-11D3-BF4B-00C04F79EFBC}") = "Installer", "Installer\Installer.csproj", "{1108AAC3-B62F-4298-8399-A6209A2A92CD}"
EndProject
Project("{FAE04EC0-301F-11D3-BF4B-00C04F79EFBC}") = "Uninstaller", "Uninstaller\Uninstaller.csproj", "{4E0E1B51-FEBB-4281-976F-816C5842D190}"
EndProject
Global
	GlobalSection(SolutionConfigurationPlatforms) = preSolution
		Debug|Any CPU = Debug|Any CPU
		Debug|Mixed Platforms = Debug|Mixed Platforms
		Debug|x86 = Debug|x86
		net_2_0_Debug|Any CPU = net_2_0_Debug|Any CPU
		net_2_0_Debug|Mixed Platforms = net_2_0_Debug|Mixed Platforms
		net_2_0_Debug|x86 = net_2_0_Debug|x86
		net_2_0_Release|Any CPU = net_2_0_Release|Any CPU
		net_2_0_Release|Mixed Platforms = net_2_0_Release|Mixed Platforms
		net_2_0_Release|x86 = net_2_0_Release|x86
		net_3_5_Debug|Any CPU = net_3_5_Debug|Any CPU
		net_3_5_Debug|Mixed Platforms = net_3_5_Debug|Mixed Platforms
		net_3_5_Debug|x86 = net_3_5_Debug|x86
		net_3_5_Release|Any CPU = net_3_5_Release|Any CPU
		net_3_5_Release|Mixed Platforms = net_3_5_Release|Mixed Platforms
		net_3_5_Release|x86 = net_3_5_Release|x86
		net_4_0_Debug|Any CPU = net_4_0_Debug|Any CPU
		net_4_0_Debug|Mixed Platforms = net_4_0_Debug|Mixed Platforms
		net_4_0_Debug|x86 = net_4_0_Debug|x86
		net_4_0_Release|Any CPU = net_4_0_Release|Any CPU
		net_4_0_Release|Mixed Platforms = net_4_0_Release|Mixed Platforms
		net_4_0_Release|x86 = net_4_0_Release|x86
		Portable|Any CPU = Portable|Any CPU
		Portable|Mixed Platforms = Portable|Mixed Platforms
		Portable|x86 = Portable|x86
		Release|Any CPU = Release|Any CPU
		Release|Mixed Platforms = Release|Mixed Platforms
		Release|x86 = Release|x86
		silverlight_Debug|Any CPU = silverlight_Debug|Any CPU
		silverlight_Debug|Mixed Platforms = silverlight_Debug|Mixed Platforms
		silverlight_Debug|x86 = silverlight_Debug|x86
		silverlight_Release|Any CPU = silverlight_Release|Any CPU
		silverlight_Release|Mixed Platforms = silverlight_Release|Mixed Platforms
		silverlight_Release|x86 = silverlight_Release|x86
		winphone_Debug|Any CPU = winphone_Debug|Any CPU
		winphone_Debug|Mixed Platforms = winphone_Debug|Mixed Platforms
		winphone_Debug|x86 = winphone_Debug|x86
		winphone_Release|Any CPU = winphone_Release|Any CPU
		winphone_Release|Mixed Platforms = winphone_Release|Mixed Platforms
		winphone_Release|x86 = winphone_Release|x86
	EndGlobalSection
	GlobalSection(ProjectConfigurationPlatforms) = postSolution
		{A921507B-E837-433F-8A61-74EB50E351AF}.Debug|Any CPU.ActiveCfg = Debug|Any CPU
		{A921507B-E837-433F-8A61-74EB50E351AF}.Debug|Any CPU.Build.0 = Debug|Any CPU
		{A921507B-E837-433F-8A61-74EB50E351AF}.Debug|Mixed Platforms.ActiveCfg = Debug|Any CPU
		{A921507B-E837-433F-8A61-74EB50E351AF}.Debug|Mixed Platforms.Build.0 = Debug|Any CPU
		{A921507B-E837-433F-8A61-74EB50E351AF}.Debug|x86.ActiveCfg = Debug|Any CPU
		{A921507B-E837-433F-8A61-74EB50E351AF}.net_2_0_Debug|Any CPU.ActiveCfg = Debug|Any CPU
		{A921507B-E837-433F-8A61-74EB50E351AF}.net_2_0_Debug|Any CPU.Build.0 = Debug|Any CPU
		{A921507B-E837-433F-8A61-74EB50E351AF}.net_2_0_Debug|Mixed Platforms.ActiveCfg = Debug|Any CPU
		{A921507B-E837-433F-8A61-74EB50E351AF}.net_2_0_Debug|Mixed Platforms.Build.0 = Debug|Any CPU
		{A921507B-E837-433F-8A61-74EB50E351AF}.net_2_0_Debug|x86.ActiveCfg = Debug|Any CPU
		{A921507B-E837-433F-8A61-74EB50E351AF}.net_2_0_Release|Any CPU.ActiveCfg = Release|Any CPU
		{A921507B-E837-433F-8A61-74EB50E351AF}.net_2_0_Release|Any CPU.Build.0 = Release|Any CPU
		{A921507B-E837-433F-8A61-74EB50E351AF}.net_2_0_Release|Mixed Platforms.ActiveCfg = Release|Any CPU
		{A921507B-E837-433F-8A61-74EB50E351AF}.net_2_0_Release|Mixed Platforms.Build.0 = Release|Any CPU
		{A921507B-E837-433F-8A61-74EB50E351AF}.net_2_0_Release|x86.ActiveCfg = Release|Any CPU
		{A921507B-E837-433F-8A61-74EB50E351AF}.net_3_5_Debug|Any CPU.ActiveCfg = Debug|Any CPU
		{A921507B-E837-433F-8A61-74EB50E351AF}.net_3_5_Debug|Any CPU.Build.0 = Debug|Any CPU
		{A921507B-E837-433F-8A61-74EB50E351AF}.net_3_5_Debug|Mixed Platforms.ActiveCfg = Debug|Any CPU
		{A921507B-E837-433F-8A61-74EB50E351AF}.net_3_5_Debug|Mixed Platforms.Build.0 = Debug|Any CPU
		{A921507B-E837-433F-8A61-74EB50E351AF}.net_3_5_Debug|x86.ActiveCfg = Debug|Any CPU
		{A921507B-E837-433F-8A61-74EB50E351AF}.net_3_5_Release|Any CPU.ActiveCfg = Release|Any CPU
		{A921507B-E837-433F-8A61-74EB50E351AF}.net_3_5_Release|Any CPU.Build.0 = Release|Any CPU
		{A921507B-E837-433F-8A61-74EB50E351AF}.net_3_5_Release|Mixed Platforms.ActiveCfg = Release|Any CPU
		{A921507B-E837-433F-8A61-74EB50E351AF}.net_3_5_Release|Mixed Platforms.Build.0 = Release|Any CPU
		{A921507B-E837-433F-8A61-74EB50E351AF}.net_3_5_Release|x86.ActiveCfg = Release|Any CPU
		{A921507B-E837-433F-8A61-74EB50E351AF}.net_4_0_Debug|Any CPU.ActiveCfg = Debug|Any CPU
		{A921507B-E837-433F-8A61-74EB50E351AF}.net_4_0_Debug|Any CPU.Build.0 = Debug|Any CPU
		{A921507B-E837-433F-8A61-74EB50E351AF}.net_4_0_Debug|Mixed Platforms.ActiveCfg = Debug|Any CPU
		{A921507B-E837-433F-8A61-74EB50E351AF}.net_4_0_Debug|Mixed Platforms.Build.0 = Debug|Any CPU
		{A921507B-E837-433F-8A61-74EB50E351AF}.net_4_0_Debug|x86.ActiveCfg = Debug|Any CPU
		{A921507B-E837-433F-8A61-74EB50E351AF}.net_4_0_Release|Any CPU.ActiveCfg = Release|Any CPU
		{A921507B-E837-433F-8A61-74EB50E351AF}.net_4_0_Release|Any CPU.Build.0 = Release|Any CPU
		{A921507B-E837-433F-8A61-74EB50E351AF}.net_4_0_Release|Mixed Platforms.ActiveCfg = Release|Any CPU
		{A921507B-E837-433F-8A61-74EB50E351AF}.net_4_0_Release|Mixed Platforms.Build.0 = Release|Any CPU
		{A921507B-E837-433F-8A61-74EB50E351AF}.net_4_0_Release|x86.ActiveCfg = Release|Any CPU
		{A921507B-E837-433F-8A61-74EB50E351AF}.Portable|Any CPU.ActiveCfg = Release|Any CPU
		{A921507B-E837-433F-8A61-74EB50E351AF}.Portable|Any CPU.Build.0 = Release|Any CPU
		{A921507B-E837-433F-8A61-74EB50E351AF}.Portable|Mixed Platforms.ActiveCfg = Release|Any CPU
		{A921507B-E837-433F-8A61-74EB50E351AF}.Portable|Mixed Platforms.Build.0 = Release|Any CPU
		{A921507B-E837-433F-8A61-74EB50E351AF}.Portable|x86.ActiveCfg = Release|Any CPU
		{A921507B-E837-433F-8A61-74EB50E351AF}.Release|Any CPU.ActiveCfg = Release|Any CPU
		{A921507B-E837-433F-8A61-74EB50E351AF}.Release|Any CPU.Build.0 = Release|Any CPU
		{A921507B-E837-433F-8A61-74EB50E351AF}.Release|Mixed Platforms.ActiveCfg = Release|Any CPU
		{A921507B-E837-433F-8A61-74EB50E351AF}.Release|Mixed Platforms.Build.0 = Release|Any CPU
		{A921507B-E837-433F-8A61-74EB50E351AF}.Release|x86.ActiveCfg = Release|Any CPU
		{A921507B-E837-433F-8A61-74EB50E351AF}.silverlight_Debug|Any CPU.ActiveCfg = Debug|Any CPU
		{A921507B-E837-433F-8A61-74EB50E351AF}.silverlight_Debug|Any CPU.Build.0 = Debug|Any CPU
		{A921507B-E837-433F-8A61-74EB50E351AF}.silverlight_Debug|Mixed Platforms.ActiveCfg = Debug|Any CPU
		{A921507B-E837-433F-8A61-74EB50E351AF}.silverlight_Debug|Mixed Platforms.Build.0 = Debug|Any CPU
		{A921507B-E837-433F-8A61-74EB50E351AF}.silverlight_Debug|x86.ActiveCfg = Debug|Any CPU
		{A921507B-E837-433F-8A61-74EB50E351AF}.silverlight_Release|Any CPU.ActiveCfg = Release|Any CPU
		{A921507B-E837-433F-8A61-74EB50E351AF}.silverlight_Release|Any CPU.Build.0 = Release|Any CPU
		{A921507B-E837-433F-8A61-74EB50E351AF}.silverlight_Release|Mixed Platforms.ActiveCfg = Release|Any CPU
		{A921507B-E837-433F-8A61-74EB50E351AF}.silverlight_Release|Mixed Platforms.Build.0 = Release|Any CPU
		{A921507B-E837-433F-8A61-74EB50E351AF}.silverlight_Release|x86.ActiveCfg = Release|Any CPU
		{A921507B-E837-433F-8A61-74EB50E351AF}.winphone_Debug|Any CPU.ActiveCfg = Debug|Any CPU
		{A921507B-E837-433F-8A61-74EB50E351AF}.winphone_Debug|Any CPU.Build.0 = Debug|Any CPU
		{A921507B-E837-433F-8A61-74EB50E351AF}.winphone_Debug|Mixed Platforms.ActiveCfg = Debug|Any CPU
		{A921507B-E837-433F-8A61-74EB50E351AF}.winphone_Debug|Mixed Platforms.Build.0 = Debug|Any CPU
		{A921507B-E837-433F-8A61-74EB50E351AF}.winphone_Debug|x86.ActiveCfg = Debug|Any CPU
		{A921507B-E837-433F-8A61-74EB50E351AF}.winphone_Release|Any CPU.ActiveCfg = Release|Any CPU
		{A921507B-E837-433F-8A61-74EB50E351AF}.winphone_Release|Any CPU.Build.0 = Release|Any CPU
		{A921507B-E837-433F-8A61-74EB50E351AF}.winphone_Release|Mixed Platforms.ActiveCfg = Release|Any CPU
		{A921507B-E837-433F-8A61-74EB50E351AF}.winphone_Release|Mixed Platforms.Build.0 = Release|Any CPU
		{A921507B-E837-433F-8A61-74EB50E351AF}.winphone_Release|x86.ActiveCfg = Release|Any CPU
		{D6D257A6-6E3B-4B24-9D02-FB0FECBD8245}.Debug|Any CPU.ActiveCfg = Debug|Any CPU
		{D6D257A6-6E3B-4B24-9D02-FB0FECBD8245}.Debug|Any CPU.Build.0 = Debug|Any CPU
		{D6D257A6-6E3B-4B24-9D02-FB0FECBD8245}.Debug|Mixed Platforms.ActiveCfg = Debug|Any CPU
		{D6D257A6-6E3B-4B24-9D02-FB0FECBD8245}.Debug|Mixed Platforms.Build.0 = Debug|Any CPU
		{D6D257A6-6E3B-4B24-9D02-FB0FECBD8245}.Debug|x86.ActiveCfg = Debug|Any CPU
		{D6D257A6-6E3B-4B24-9D02-FB0FECBD8245}.net_2_0_Debug|Any CPU.ActiveCfg = Debug|Any CPU
		{D6D257A6-6E3B-4B24-9D02-FB0FECBD8245}.net_2_0_Debug|Any CPU.Build.0 = Debug|Any CPU
		{D6D257A6-6E3B-4B24-9D02-FB0FECBD8245}.net_2_0_Debug|Mixed Platforms.ActiveCfg = Debug|Any CPU
		{D6D257A6-6E3B-4B24-9D02-FB0FECBD8245}.net_2_0_Debug|Mixed Platforms.Build.0 = Debug|Any CPU
		{D6D257A6-6E3B-4B24-9D02-FB0FECBD8245}.net_2_0_Debug|x86.ActiveCfg = Debug|Any CPU
		{D6D257A6-6E3B-4B24-9D02-FB0FECBD8245}.net_2_0_Release|Any CPU.ActiveCfg = Release|Any CPU
		{D6D257A6-6E3B-4B24-9D02-FB0FECBD8245}.net_2_0_Release|Any CPU.Build.0 = Release|Any CPU
		{D6D257A6-6E3B-4B24-9D02-FB0FECBD8245}.net_2_0_Release|Mixed Platforms.ActiveCfg = Release|Any CPU
		{D6D257A6-6E3B-4B24-9D02-FB0FECBD8245}.net_2_0_Release|Mixed Platforms.Build.0 = Release|Any CPU
		{D6D257A6-6E3B-4B24-9D02-FB0FECBD8245}.net_2_0_Release|x86.ActiveCfg = Release|Any CPU
		{D6D257A6-6E3B-4B24-9D02-FB0FECBD8245}.net_3_5_Debug|Any CPU.ActiveCfg = Debug|Any CPU
		{D6D257A6-6E3B-4B24-9D02-FB0FECBD8245}.net_3_5_Debug|Any CPU.Build.0 = Debug|Any CPU
		{D6D257A6-6E3B-4B24-9D02-FB0FECBD8245}.net_3_5_Debug|Mixed Platforms.ActiveCfg = Debug|Any CPU
		{D6D257A6-6E3B-4B24-9D02-FB0FECBD8245}.net_3_5_Debug|Mixed Platforms.Build.0 = Debug|Any CPU
		{D6D257A6-6E3B-4B24-9D02-FB0FECBD8245}.net_3_5_Debug|x86.ActiveCfg = Debug|Any CPU
		{D6D257A6-6E3B-4B24-9D02-FB0FECBD8245}.net_3_5_Release|Any CPU.ActiveCfg = Release|Any CPU
		{D6D257A6-6E3B-4B24-9D02-FB0FECBD8245}.net_3_5_Release|Any CPU.Build.0 = Release|Any CPU
		{D6D257A6-6E3B-4B24-9D02-FB0FECBD8245}.net_3_5_Release|Mixed Platforms.ActiveCfg = Release|Any CPU
		{D6D257A6-6E3B-4B24-9D02-FB0FECBD8245}.net_3_5_Release|Mixed Platforms.Build.0 = Release|Any CPU
		{D6D257A6-6E3B-4B24-9D02-FB0FECBD8245}.net_3_5_Release|x86.ActiveCfg = Release|Any CPU
		{D6D257A6-6E3B-4B24-9D02-FB0FECBD8245}.net_4_0_Debug|Any CPU.ActiveCfg = Debug|Any CPU
		{D6D257A6-6E3B-4B24-9D02-FB0FECBD8245}.net_4_0_Debug|Any CPU.Build.0 = Debug|Any CPU
		{D6D257A6-6E3B-4B24-9D02-FB0FECBD8245}.net_4_0_Debug|Mixed Platforms.ActiveCfg = Debug|Any CPU
		{D6D257A6-6E3B-4B24-9D02-FB0FECBD8245}.net_4_0_Debug|Mixed Platforms.Build.0 = Debug|Any CPU
		{D6D257A6-6E3B-4B24-9D02-FB0FECBD8245}.net_4_0_Debug|x86.ActiveCfg = Debug|Any CPU
		{D6D257A6-6E3B-4B24-9D02-FB0FECBD8245}.net_4_0_Release|Any CPU.ActiveCfg = Release|Any CPU
		{D6D257A6-6E3B-4B24-9D02-FB0FECBD8245}.net_4_0_Release|Any CPU.Build.0 = Release|Any CPU
		{D6D257A6-6E3B-4B24-9D02-FB0FECBD8245}.net_4_0_Release|Mixed Platforms.ActiveCfg = Release|Any CPU
		{D6D257A6-6E3B-4B24-9D02-FB0FECBD8245}.net_4_0_Release|Mixed Platforms.Build.0 = Release|Any CPU
		{D6D257A6-6E3B-4B24-9D02-FB0FECBD8245}.net_4_0_Release|x86.ActiveCfg = Release|Any CPU
		{D6D257A6-6E3B-4B24-9D02-FB0FECBD8245}.Portable|Any CPU.ActiveCfg = Release|Any CPU
		{D6D257A6-6E3B-4B24-9D02-FB0FECBD8245}.Portable|Any CPU.Build.0 = Release|Any CPU
		{D6D257A6-6E3B-4B24-9D02-FB0FECBD8245}.Portable|Mixed Platforms.ActiveCfg = Release|Any CPU
		{D6D257A6-6E3B-4B24-9D02-FB0FECBD8245}.Portable|Mixed Platforms.Build.0 = Release|Any CPU
		{D6D257A6-6E3B-4B24-9D02-FB0FECBD8245}.Portable|x86.ActiveCfg = Release|Any CPU
		{D6D257A6-6E3B-4B24-9D02-FB0FECBD8245}.Release|Any CPU.ActiveCfg = Release|Any CPU
		{D6D257A6-6E3B-4B24-9D02-FB0FECBD8245}.Release|Any CPU.Build.0 = Release|Any CPU
		{D6D257A6-6E3B-4B24-9D02-FB0FECBD8245}.Release|Mixed Platforms.ActiveCfg = Release|Any CPU
		{D6D257A6-6E3B-4B24-9D02-FB0FECBD8245}.Release|Mixed Platforms.Build.0 = Release|Any CPU
		{D6D257A6-6E3B-4B24-9D02-FB0FECBD8245}.Release|x86.ActiveCfg = Release|Any CPU
		{D6D257A6-6E3B-4B24-9D02-FB0FECBD8245}.silverlight_Debug|Any CPU.ActiveCfg = Debug|Any CPU
		{D6D257A6-6E3B-4B24-9D02-FB0FECBD8245}.silverlight_Debug|Any CPU.Build.0 = Debug|Any CPU
		{D6D257A6-6E3B-4B24-9D02-FB0FECBD8245}.silverlight_Debug|Mixed Platforms.ActiveCfg = Debug|Any CPU
		{D6D257A6-6E3B-4B24-9D02-FB0FECBD8245}.silverlight_Debug|Mixed Platforms.Build.0 = Debug|Any CPU
		{D6D257A6-6E3B-4B24-9D02-FB0FECBD8245}.silverlight_Debug|x86.ActiveCfg = Debug|Any CPU
		{D6D257A6-6E3B-4B24-9D02-FB0FECBD8245}.silverlight_Release|Any CPU.ActiveCfg = Release|Any CPU
		{D6D257A6-6E3B-4B24-9D02-FB0FECBD8245}.silverlight_Release|Any CPU.Build.0 = Release|Any CPU
		{D6D257A6-6E3B-4B24-9D02-FB0FECBD8245}.silverlight_Release|Mixed Platforms.ActiveCfg = Release|Any CPU
		{D6D257A6-6E3B-4B24-9D02-FB0FECBD8245}.silverlight_Release|Mixed Platforms.Build.0 = Release|Any CPU
		{D6D257A6-6E3B-4B24-9D02-FB0FECBD8245}.silverlight_Release|x86.ActiveCfg = Release|Any CPU
		{D6D257A6-6E3B-4B24-9D02-FB0FECBD8245}.winphone_Debug|Any CPU.ActiveCfg = Debug|Any CPU
		{D6D257A6-6E3B-4B24-9D02-FB0FECBD8245}.winphone_Debug|Any CPU.Build.0 = Debug|Any CPU
		{D6D257A6-6E3B-4B24-9D02-FB0FECBD8245}.winphone_Debug|Mixed Platforms.ActiveCfg = Debug|Any CPU
		{D6D257A6-6E3B-4B24-9D02-FB0FECBD8245}.winphone_Debug|Mixed Platforms.Build.0 = Debug|Any CPU
		{D6D257A6-6E3B-4B24-9D02-FB0FECBD8245}.winphone_Debug|x86.ActiveCfg = Debug|Any CPU
		{D6D257A6-6E3B-4B24-9D02-FB0FECBD8245}.winphone_Release|Any CPU.ActiveCfg = Release|Any CPU
		{D6D257A6-6E3B-4B24-9D02-FB0FECBD8245}.winphone_Release|Any CPU.Build.0 = Release|Any CPU
		{D6D257A6-6E3B-4B24-9D02-FB0FECBD8245}.winphone_Release|Mixed Platforms.ActiveCfg = Release|Any CPU
		{D6D257A6-6E3B-4B24-9D02-FB0FECBD8245}.winphone_Release|Mixed Platforms.Build.0 = Release|Any CPU
		{D6D257A6-6E3B-4B24-9D02-FB0FECBD8245}.winphone_Release|x86.ActiveCfg = Release|Any CPU
		{D68133BD-1E63-496E-9EDE-4FBDBF77B486}.Debug|Any CPU.ActiveCfg = winphone_Debug|Any CPU
		{D68133BD-1E63-496E-9EDE-4FBDBF77B486}.Debug|Any CPU.Build.0 = winphone_Debug|Any CPU
		{D68133BD-1E63-496E-9EDE-4FBDBF77B486}.Debug|Mixed Platforms.ActiveCfg = winphone_Debug|Any CPU
		{D68133BD-1E63-496E-9EDE-4FBDBF77B486}.Debug|Mixed Platforms.Build.0 = winphone_Debug|Any CPU
		{D68133BD-1E63-496E-9EDE-4FBDBF77B486}.Debug|x86.ActiveCfg = winphone_Debug|Any CPU
		{D68133BD-1E63-496E-9EDE-4FBDBF77B486}.net_2_0_Debug|Any CPU.ActiveCfg = net_2_0_Debug|Any CPU
		{D68133BD-1E63-496E-9EDE-4FBDBF77B486}.net_2_0_Debug|Any CPU.Build.0 = net_2_0_Debug|Any CPU
		{D68133BD-1E63-496E-9EDE-4FBDBF77B486}.net_2_0_Debug|Mixed Platforms.ActiveCfg = net_2_0_Debug|Any CPU
		{D68133BD-1E63-496E-9EDE-4FBDBF77B486}.net_2_0_Debug|Mixed Platforms.Build.0 = net_2_0_Debug|Any CPU
		{D68133BD-1E63-496E-9EDE-4FBDBF77B486}.net_2_0_Debug|x86.ActiveCfg = net_2_0_Debug|Any CPU
		{D68133BD-1E63-496E-9EDE-4FBDBF77B486}.net_2_0_Release|Any CPU.ActiveCfg = net_2_0_Release|Any CPU
		{D68133BD-1E63-496E-9EDE-4FBDBF77B486}.net_2_0_Release|Any CPU.Build.0 = net_2_0_Release|Any CPU
		{D68133BD-1E63-496E-9EDE-4FBDBF77B486}.net_2_0_Release|Mixed Platforms.ActiveCfg = net_2_0_Release|Any CPU
		{D68133BD-1E63-496E-9EDE-4FBDBF77B486}.net_2_0_Release|Mixed Platforms.Build.0 = net_2_0_Release|Any CPU
		{D68133BD-1E63-496E-9EDE-4FBDBF77B486}.net_2_0_Release|x86.ActiveCfg = net_2_0_Release|Any CPU
		{D68133BD-1E63-496E-9EDE-4FBDBF77B486}.net_3_5_Debug|Any CPU.ActiveCfg = net_3_5_Debug|Any CPU
		{D68133BD-1E63-496E-9EDE-4FBDBF77B486}.net_3_5_Debug|Any CPU.Build.0 = net_3_5_Debug|Any CPU
		{D68133BD-1E63-496E-9EDE-4FBDBF77B486}.net_3_5_Debug|Mixed Platforms.ActiveCfg = net_3_5_Debug|Any CPU
		{D68133BD-1E63-496E-9EDE-4FBDBF77B486}.net_3_5_Debug|Mixed Platforms.Build.0 = net_3_5_Debug|Any CPU
		{D68133BD-1E63-496E-9EDE-4FBDBF77B486}.net_3_5_Debug|x86.ActiveCfg = net_3_5_Debug|Any CPU
		{D68133BD-1E63-496E-9EDE-4FBDBF77B486}.net_3_5_Release|Any CPU.ActiveCfg = net_3_5_Release|Any CPU
		{D68133BD-1E63-496E-9EDE-4FBDBF77B486}.net_3_5_Release|Any CPU.Build.0 = net_3_5_Release|Any CPU
		{D68133BD-1E63-496E-9EDE-4FBDBF77B486}.net_3_5_Release|Mixed Platforms.ActiveCfg = net_3_5_Release|Any CPU
		{D68133BD-1E63-496E-9EDE-4FBDBF77B486}.net_3_5_Release|Mixed Platforms.Build.0 = net_3_5_Release|Any CPU
		{D68133BD-1E63-496E-9EDE-4FBDBF77B486}.net_3_5_Release|x86.ActiveCfg = net_3_5_Release|Any CPU
		{D68133BD-1E63-496E-9EDE-4FBDBF77B486}.net_4_0_Debug|Any CPU.ActiveCfg = net_4_0_Debug|Any CPU
		{D68133BD-1E63-496E-9EDE-4FBDBF77B486}.net_4_0_Debug|Any CPU.Build.0 = net_4_0_Debug|Any CPU
		{D68133BD-1E63-496E-9EDE-4FBDBF77B486}.net_4_0_Debug|Mixed Platforms.ActiveCfg = net_4_0_Debug|Any CPU
		{D68133BD-1E63-496E-9EDE-4FBDBF77B486}.net_4_0_Debug|Mixed Platforms.Build.0 = net_4_0_Debug|Any CPU
		{D68133BD-1E63-496E-9EDE-4FBDBF77B486}.net_4_0_Debug|x86.ActiveCfg = net_4_0_Debug|Any CPU
		{D68133BD-1E63-496E-9EDE-4FBDBF77B486}.net_4_0_Release|Any CPU.ActiveCfg = net_4_0_Release|Any CPU
		{D68133BD-1E63-496E-9EDE-4FBDBF77B486}.net_4_0_Release|Any CPU.Build.0 = net_4_0_Release|Any CPU
		{D68133BD-1E63-496E-9EDE-4FBDBF77B486}.net_4_0_Release|Mixed Platforms.ActiveCfg = net_4_0_Release|Any CPU
		{D68133BD-1E63-496E-9EDE-4FBDBF77B486}.net_4_0_Release|Mixed Platforms.Build.0 = net_4_0_Release|Any CPU
		{D68133BD-1E63-496E-9EDE-4FBDBF77B486}.net_4_0_Release|x86.ActiveCfg = net_4_0_Release|Any CPU
		{D68133BD-1E63-496E-9EDE-4FBDBF77B486}.Portable|Any CPU.ActiveCfg = winphone_Release|Any CPU
		{D68133BD-1E63-496E-9EDE-4FBDBF77B486}.Portable|Any CPU.Build.0 = winphone_Release|Any CPU
		{D68133BD-1E63-496E-9EDE-4FBDBF77B486}.Portable|Mixed Platforms.ActiveCfg = winphone_Release|Any CPU
		{D68133BD-1E63-496E-9EDE-4FBDBF77B486}.Portable|Mixed Platforms.Build.0 = winphone_Release|Any CPU
		{D68133BD-1E63-496E-9EDE-4FBDBF77B486}.Portable|x86.ActiveCfg = winphone_Release|Any CPU
		{D68133BD-1E63-496E-9EDE-4FBDBF77B486}.Release|Any CPU.ActiveCfg = winphone_Release|Any CPU
		{D68133BD-1E63-496E-9EDE-4FBDBF77B486}.Release|Any CPU.Build.0 = winphone_Release|Any CPU
		{D68133BD-1E63-496E-9EDE-4FBDBF77B486}.Release|Mixed Platforms.ActiveCfg = winphone_Release|Any CPU
		{D68133BD-1E63-496E-9EDE-4FBDBF77B486}.Release|Mixed Platforms.Build.0 = winphone_Release|Any CPU
		{D68133BD-1E63-496E-9EDE-4FBDBF77B486}.Release|x86.ActiveCfg = winphone_Release|Any CPU
		{D68133BD-1E63-496E-9EDE-4FBDBF77B486}.silverlight_Debug|Any CPU.ActiveCfg = silverlight_Debug|Any CPU
		{D68133BD-1E63-496E-9EDE-4FBDBF77B486}.silverlight_Debug|Any CPU.Build.0 = silverlight_Debug|Any CPU
		{D68133BD-1E63-496E-9EDE-4FBDBF77B486}.silverlight_Debug|Mixed Platforms.ActiveCfg = silverlight_Debug|Any CPU
		{D68133BD-1E63-496E-9EDE-4FBDBF77B486}.silverlight_Debug|Mixed Platforms.Build.0 = silverlight_Debug|Any CPU
		{D68133BD-1E63-496E-9EDE-4FBDBF77B486}.silverlight_Debug|x86.ActiveCfg = silverlight_Debug|Any CPU
		{D68133BD-1E63-496E-9EDE-4FBDBF77B486}.silverlight_Release|Any CPU.ActiveCfg = silverlight_Release|Any CPU
		{D68133BD-1E63-496E-9EDE-4FBDBF77B486}.silverlight_Release|Any CPU.Build.0 = silverlight_Release|Any CPU
		{D68133BD-1E63-496E-9EDE-4FBDBF77B486}.silverlight_Release|Mixed Platforms.ActiveCfg = silverlight_Release|Any CPU
		{D68133BD-1E63-496E-9EDE-4FBDBF77B486}.silverlight_Release|Mixed Platforms.Build.0 = silverlight_Release|Any CPU
		{D68133BD-1E63-496E-9EDE-4FBDBF77B486}.silverlight_Release|x86.ActiveCfg = silverlight_Release|Any CPU
		{D68133BD-1E63-496E-9EDE-4FBDBF77B486}.winphone_Debug|Any CPU.ActiveCfg = winphone_Debug|Any CPU
		{D68133BD-1E63-496E-9EDE-4FBDBF77B486}.winphone_Debug|Any CPU.Build.0 = winphone_Debug|Any CPU
		{D68133BD-1E63-496E-9EDE-4FBDBF77B486}.winphone_Debug|Mixed Platforms.ActiveCfg = winphone_Debug|Any CPU
		{D68133BD-1E63-496E-9EDE-4FBDBF77B486}.winphone_Debug|Mixed Platforms.Build.0 = winphone_Debug|Any CPU
		{D68133BD-1E63-496E-9EDE-4FBDBF77B486}.winphone_Debug|x86.ActiveCfg = winphone_Debug|Any CPU
		{D68133BD-1E63-496E-9EDE-4FBDBF77B486}.winphone_Release|Any CPU.ActiveCfg = winphone_Release|Any CPU
		{D68133BD-1E63-496E-9EDE-4FBDBF77B486}.winphone_Release|Any CPU.Build.0 = winphone_Release|Any CPU
		{D68133BD-1E63-496E-9EDE-4FBDBF77B486}.winphone_Release|Mixed Platforms.ActiveCfg = winphone_Release|Any CPU
		{D68133BD-1E63-496E-9EDE-4FBDBF77B486}.winphone_Release|Mixed Platforms.Build.0 = winphone_Release|Any CPU
		{D68133BD-1E63-496E-9EDE-4FBDBF77B486}.winphone_Release|x86.ActiveCfg = winphone_Release|Any CPU
		{08F659AA-21D4-4AC4-A3BC-AD22E6913E1B}.Debug|Any CPU.ActiveCfg = Debug|Any CPU
		{08F659AA-21D4-4AC4-A3BC-AD22E6913E1B}.Debug|Any CPU.Build.0 = Debug|Any CPU
		{08F659AA-21D4-4AC4-A3BC-AD22E6913E1B}.Debug|Mixed Platforms.ActiveCfg = Debug|Any CPU
		{08F659AA-21D4-4AC4-A3BC-AD22E6913E1B}.Debug|Mixed Platforms.Build.0 = Debug|Any CPU
		{08F659AA-21D4-4AC4-A3BC-AD22E6913E1B}.Debug|x86.ActiveCfg = Debug|Any CPU
		{08F659AA-21D4-4AC4-A3BC-AD22E6913E1B}.net_2_0_Debug|Any CPU.ActiveCfg = Debug|Any CPU
		{08F659AA-21D4-4AC4-A3BC-AD22E6913E1B}.net_2_0_Debug|Any CPU.Build.0 = Debug|Any CPU
		{08F659AA-21D4-4AC4-A3BC-AD22E6913E1B}.net_2_0_Debug|Mixed Platforms.ActiveCfg = Debug|Any CPU
		{08F659AA-21D4-4AC4-A3BC-AD22E6913E1B}.net_2_0_Debug|Mixed Platforms.Build.0 = Debug|Any CPU
		{08F659AA-21D4-4AC4-A3BC-AD22E6913E1B}.net_2_0_Debug|x86.ActiveCfg = Debug|Any CPU
		{08F659AA-21D4-4AC4-A3BC-AD22E6913E1B}.net_2_0_Release|Any CPU.ActiveCfg = Release|Any CPU
		{08F659AA-21D4-4AC4-A3BC-AD22E6913E1B}.net_2_0_Release|Any CPU.Build.0 = Release|Any CPU
		{08F659AA-21D4-4AC4-A3BC-AD22E6913E1B}.net_2_0_Release|Mixed Platforms.ActiveCfg = Release|Any CPU
		{08F659AA-21D4-4AC4-A3BC-AD22E6913E1B}.net_2_0_Release|Mixed Platforms.Build.0 = Release|Any CPU
		{08F659AA-21D4-4AC4-A3BC-AD22E6913E1B}.net_2_0_Release|x86.ActiveCfg = Release|Any CPU
		{08F659AA-21D4-4AC4-A3BC-AD22E6913E1B}.net_3_5_Debug|Any CPU.ActiveCfg = Debug|Any CPU
		{08F659AA-21D4-4AC4-A3BC-AD22E6913E1B}.net_3_5_Debug|Any CPU.Build.0 = Debug|Any CPU
		{08F659AA-21D4-4AC4-A3BC-AD22E6913E1B}.net_3_5_Debug|Mixed Platforms.ActiveCfg = Debug|Any CPU
		{08F659AA-21D4-4AC4-A3BC-AD22E6913E1B}.net_3_5_Debug|Mixed Platforms.Build.0 = Debug|Any CPU
		{08F659AA-21D4-4AC4-A3BC-AD22E6913E1B}.net_3_5_Debug|x86.ActiveCfg = Debug|Any CPU
		{08F659AA-21D4-4AC4-A3BC-AD22E6913E1B}.net_3_5_Release|Any CPU.ActiveCfg = Release|Any CPU
		{08F659AA-21D4-4AC4-A3BC-AD22E6913E1B}.net_3_5_Release|Any CPU.Build.0 = Release|Any CPU
		{08F659AA-21D4-4AC4-A3BC-AD22E6913E1B}.net_3_5_Release|Mixed Platforms.ActiveCfg = Release|Any CPU
		{08F659AA-21D4-4AC4-A3BC-AD22E6913E1B}.net_3_5_Release|Mixed Platforms.Build.0 = Release|Any CPU
		{08F659AA-21D4-4AC4-A3BC-AD22E6913E1B}.net_3_5_Release|x86.ActiveCfg = Release|Any CPU
		{08F659AA-21D4-4AC4-A3BC-AD22E6913E1B}.net_4_0_Debug|Any CPU.ActiveCfg = Debug|Any CPU
		{08F659AA-21D4-4AC4-A3BC-AD22E6913E1B}.net_4_0_Debug|Any CPU.Build.0 = Debug|Any CPU
		{08F659AA-21D4-4AC4-A3BC-AD22E6913E1B}.net_4_0_Debug|Mixed Platforms.ActiveCfg = Debug|Any CPU
		{08F659AA-21D4-4AC4-A3BC-AD22E6913E1B}.net_4_0_Debug|Mixed Platforms.Build.0 = Debug|Any CPU
		{08F659AA-21D4-4AC4-A3BC-AD22E6913E1B}.net_4_0_Debug|x86.ActiveCfg = Debug|Any CPU
		{08F659AA-21D4-4AC4-A3BC-AD22E6913E1B}.net_4_0_Release|Any CPU.ActiveCfg = Release|Any CPU
		{08F659AA-21D4-4AC4-A3BC-AD22E6913E1B}.net_4_0_Release|Any CPU.Build.0 = Release|Any CPU
		{08F659AA-21D4-4AC4-A3BC-AD22E6913E1B}.net_4_0_Release|Mixed Platforms.ActiveCfg = Release|Any CPU
		{08F659AA-21D4-4AC4-A3BC-AD22E6913E1B}.net_4_0_Release|Mixed Platforms.Build.0 = Release|Any CPU
		{08F659AA-21D4-4AC4-A3BC-AD22E6913E1B}.net_4_0_Release|x86.ActiveCfg = Release|Any CPU
		{08F659AA-21D4-4AC4-A3BC-AD22E6913E1B}.Portable|Any CPU.ActiveCfg = Release|Any CPU
		{08F659AA-21D4-4AC4-A3BC-AD22E6913E1B}.Portable|Any CPU.Build.0 = Release|Any CPU
		{08F659AA-21D4-4AC4-A3BC-AD22E6913E1B}.Portable|Mixed Platforms.ActiveCfg = Release|Any CPU
		{08F659AA-21D4-4AC4-A3BC-AD22E6913E1B}.Portable|Mixed Platforms.Build.0 = Release|Any CPU
		{08F659AA-21D4-4AC4-A3BC-AD22E6913E1B}.Portable|x86.ActiveCfg = Release|Any CPU
		{08F659AA-21D4-4AC4-A3BC-AD22E6913E1B}.Release|Any CPU.ActiveCfg = Release|Any CPU
		{08F659AA-21D4-4AC4-A3BC-AD22E6913E1B}.Release|Any CPU.Build.0 = Release|Any CPU
		{08F659AA-21D4-4AC4-A3BC-AD22E6913E1B}.Release|Mixed Platforms.ActiveCfg = Release|Any CPU
		{08F659AA-21D4-4AC4-A3BC-AD22E6913E1B}.Release|Mixed Platforms.Build.0 = Release|Any CPU
		{08F659AA-21D4-4AC4-A3BC-AD22E6913E1B}.Release|x86.ActiveCfg = Release|Any CPU
		{08F659AA-21D4-4AC4-A3BC-AD22E6913E1B}.silverlight_Debug|Any CPU.ActiveCfg = Debug|Any CPU
		{08F659AA-21D4-4AC4-A3BC-AD22E6913E1B}.silverlight_Debug|Any CPU.Build.0 = Debug|Any CPU
		{08F659AA-21D4-4AC4-A3BC-AD22E6913E1B}.silverlight_Debug|Mixed Platforms.ActiveCfg = Debug|Any CPU
		{08F659AA-21D4-4AC4-A3BC-AD22E6913E1B}.silverlight_Debug|Mixed Platforms.Build.0 = Debug|Any CPU
		{08F659AA-21D4-4AC4-A3BC-AD22E6913E1B}.silverlight_Debug|x86.ActiveCfg = Debug|Any CPU
		{08F659AA-21D4-4AC4-A3BC-AD22E6913E1B}.silverlight_Release|Any CPU.ActiveCfg = Release|Any CPU
		{08F659AA-21D4-4AC4-A3BC-AD22E6913E1B}.silverlight_Release|Any CPU.Build.0 = Release|Any CPU
		{08F659AA-21D4-4AC4-A3BC-AD22E6913E1B}.silverlight_Release|Mixed Platforms.ActiveCfg = Release|Any CPU
		{08F659AA-21D4-4AC4-A3BC-AD22E6913E1B}.silverlight_Release|Mixed Platforms.Build.0 = Release|Any CPU
		{08F659AA-21D4-4AC4-A3BC-AD22E6913E1B}.silverlight_Release|x86.ActiveCfg = Release|Any CPU
		{08F659AA-21D4-4AC4-A3BC-AD22E6913E1B}.winphone_Debug|Any CPU.ActiveCfg = Debug|Any CPU
		{08F659AA-21D4-4AC4-A3BC-AD22E6913E1B}.winphone_Debug|Any CPU.Build.0 = Debug|Any CPU
		{08F659AA-21D4-4AC4-A3BC-AD22E6913E1B}.winphone_Debug|Mixed Platforms.ActiveCfg = Debug|Any CPU
		{08F659AA-21D4-4AC4-A3BC-AD22E6913E1B}.winphone_Debug|Mixed Platforms.Build.0 = Debug|Any CPU
		{08F659AA-21D4-4AC4-A3BC-AD22E6913E1B}.winphone_Debug|x86.ActiveCfg = Debug|Any CPU
		{08F659AA-21D4-4AC4-A3BC-AD22E6913E1B}.winphone_Release|Any CPU.ActiveCfg = Release|Any CPU
		{08F659AA-21D4-4AC4-A3BC-AD22E6913E1B}.winphone_Release|Any CPU.Build.0 = Release|Any CPU
		{08F659AA-21D4-4AC4-A3BC-AD22E6913E1B}.winphone_Release|Mixed Platforms.ActiveCfg = Release|Any CPU
		{08F659AA-21D4-4AC4-A3BC-AD22E6913E1B}.winphone_Release|Mixed Platforms.Build.0 = Release|Any CPU
		{08F659AA-21D4-4AC4-A3BC-AD22E6913E1B}.winphone_Release|x86.ActiveCfg = Release|Any CPU
		{1108AAC3-B62F-4298-8399-A6209A2A92CD}.Debug|Any CPU.ActiveCfg = Debug|Any CPU
		{1108AAC3-B62F-4298-8399-A6209A2A92CD}.Debug|Any CPU.Build.0 = Debug|Any CPU
		{1108AAC3-B62F-4298-8399-A6209A2A92CD}.Debug|Mixed Platforms.ActiveCfg = Debug|Any CPU
		{1108AAC3-B62F-4298-8399-A6209A2A92CD}.Debug|Mixed Platforms.Build.0 = Debug|Any CPU
		{1108AAC3-B62F-4298-8399-A6209A2A92CD}.Debug|x86.ActiveCfg = Debug|Any CPU
		{1108AAC3-B62F-4298-8399-A6209A2A92CD}.net_2_0_Debug|Any CPU.ActiveCfg = Debug|Any CPU
		{1108AAC3-B62F-4298-8399-A6209A2A92CD}.net_2_0_Debug|Any CPU.Build.0 = Debug|Any CPU
		{1108AAC3-B62F-4298-8399-A6209A2A92CD}.net_2_0_Debug|Mixed Platforms.ActiveCfg = Debug|Any CPU
		{1108AAC3-B62F-4298-8399-A6209A2A92CD}.net_2_0_Debug|Mixed Platforms.Build.0 = Debug|Any CPU
		{1108AAC3-B62F-4298-8399-A6209A2A92CD}.net_2_0_Debug|x86.ActiveCfg = Debug|Any CPU
		{1108AAC3-B62F-4298-8399-A6209A2A92CD}.net_2_0_Release|Any CPU.ActiveCfg = Release|Any CPU
		{1108AAC3-B62F-4298-8399-A6209A2A92CD}.net_2_0_Release|Any CPU.Build.0 = Release|Any CPU
		{1108AAC3-B62F-4298-8399-A6209A2A92CD}.net_2_0_Release|Mixed Platforms.ActiveCfg = Release|Any CPU
		{1108AAC3-B62F-4298-8399-A6209A2A92CD}.net_2_0_Release|Mixed Platforms.Build.0 = Release|Any CPU
		{1108AAC3-B62F-4298-8399-A6209A2A92CD}.net_2_0_Release|x86.ActiveCfg = Release|Any CPU
		{1108AAC3-B62F-4298-8399-A6209A2A92CD}.net_3_5_Debug|Any CPU.ActiveCfg = Debug|Any CPU
		{1108AAC3-B62F-4298-8399-A6209A2A92CD}.net_3_5_Debug|Any CPU.Build.0 = Debug|Any CPU
		{1108AAC3-B62F-4298-8399-A6209A2A92CD}.net_3_5_Debug|Mixed Platforms.ActiveCfg = Debug|Any CPU
		{1108AAC3-B62F-4298-8399-A6209A2A92CD}.net_3_5_Debug|Mixed Platforms.Build.0 = Debug|Any CPU
		{1108AAC3-B62F-4298-8399-A6209A2A92CD}.net_3_5_Debug|x86.ActiveCfg = Debug|Any CPU
		{1108AAC3-B62F-4298-8399-A6209A2A92CD}.net_3_5_Release|Any CPU.ActiveCfg = Release|Any CPU
		{1108AAC3-B62F-4298-8399-A6209A2A92CD}.net_3_5_Release|Any CPU.Build.0 = Release|Any CPU
		{1108AAC3-B62F-4298-8399-A6209A2A92CD}.net_3_5_Release|Mixed Platforms.ActiveCfg = Release|Any CPU
		{1108AAC3-B62F-4298-8399-A6209A2A92CD}.net_3_5_Release|Mixed Platforms.Build.0 = Release|Any CPU
		{1108AAC3-B62F-4298-8399-A6209A2A92CD}.net_3_5_Release|x86.ActiveCfg = Release|Any CPU
		{1108AAC3-B62F-4298-8399-A6209A2A92CD}.net_4_0_Debug|Any CPU.ActiveCfg = Debug|Any CPU
		{1108AAC3-B62F-4298-8399-A6209A2A92CD}.net_4_0_Debug|Any CPU.Build.0 = Debug|Any CPU
		{1108AAC3-B62F-4298-8399-A6209A2A92CD}.net_4_0_Debug|Mixed Platforms.ActiveCfg = Debug|Any CPU
		{1108AAC3-B62F-4298-8399-A6209A2A92CD}.net_4_0_Debug|Mixed Platforms.Build.0 = Debug|Any CPU
		{1108AAC3-B62F-4298-8399-A6209A2A92CD}.net_4_0_Debug|x86.ActiveCfg = Debug|Any CPU
		{1108AAC3-B62F-4298-8399-A6209A2A92CD}.net_4_0_Release|Any CPU.ActiveCfg = Release|Any CPU
		{1108AAC3-B62F-4298-8399-A6209A2A92CD}.net_4_0_Release|Any CPU.Build.0 = Release|Any CPU
		{1108AAC3-B62F-4298-8399-A6209A2A92CD}.net_4_0_Release|Mixed Platforms.ActiveCfg = Release|Any CPU
		{1108AAC3-B62F-4298-8399-A6209A2A92CD}.net_4_0_Release|Mixed Platforms.Build.0 = Release|Any CPU
		{1108AAC3-B62F-4298-8399-A6209A2A92CD}.net_4_0_Release|x86.ActiveCfg = Release|Any CPU
		{1108AAC3-B62F-4298-8399-A6209A2A92CD}.Portable|Any CPU.ActiveCfg = Portable|Any CPU
		{1108AAC3-B62F-4298-8399-A6209A2A92CD}.Portable|Any CPU.Build.0 = Portable|Any CPU
		{1108AAC3-B62F-4298-8399-A6209A2A92CD}.Portable|Mixed Platforms.ActiveCfg = Portable|Any CPU
		{1108AAC3-B62F-4298-8399-A6209A2A92CD}.Portable|Mixed Platforms.Build.0 = Portable|Any CPU
		{1108AAC3-B62F-4298-8399-A6209A2A92CD}.Portable|x86.ActiveCfg = Portable|Any CPU
		{1108AAC3-B62F-4298-8399-A6209A2A92CD}.Release|Any CPU.ActiveCfg = Release|Any CPU
		{1108AAC3-B62F-4298-8399-A6209A2A92CD}.Release|Any CPU.Build.0 = Release|Any CPU
		{1108AAC3-B62F-4298-8399-A6209A2A92CD}.Release|Mixed Platforms.ActiveCfg = Release|Any CPU
		{1108AAC3-B62F-4298-8399-A6209A2A92CD}.Release|Mixed Platforms.Build.0 = Release|Any CPU
		{1108AAC3-B62F-4298-8399-A6209A2A92CD}.Release|x86.ActiveCfg = Release|Any CPU
		{1108AAC3-B62F-4298-8399-A6209A2A92CD}.silverlight_Debug|Any CPU.ActiveCfg = Debug|Any CPU
		{1108AAC3-B62F-4298-8399-A6209A2A92CD}.silverlight_Debug|Any CPU.Build.0 = Debug|Any CPU
		{1108AAC3-B62F-4298-8399-A6209A2A92CD}.silverlight_Debug|Mixed Platforms.ActiveCfg = Debug|Any CPU
		{1108AAC3-B62F-4298-8399-A6209A2A92CD}.silverlight_Debug|Mixed Platforms.Build.0 = Debug|Any CPU
		{1108AAC3-B62F-4298-8399-A6209A2A92CD}.silverlight_Debug|x86.ActiveCfg = Debug|Any CPU
		{1108AAC3-B62F-4298-8399-A6209A2A92CD}.silverlight_Release|Any CPU.ActiveCfg = Release|Any CPU
		{1108AAC3-B62F-4298-8399-A6209A2A92CD}.silverlight_Release|Any CPU.Build.0 = Release|Any CPU
		{1108AAC3-B62F-4298-8399-A6209A2A92CD}.silverlight_Release|Mixed Platforms.ActiveCfg = Release|Any CPU
		{1108AAC3-B62F-4298-8399-A6209A2A92CD}.silverlight_Release|Mixed Platforms.Build.0 = Release|Any CPU
		{1108AAC3-B62F-4298-8399-A6209A2A92CD}.silverlight_Release|x86.ActiveCfg = Release|Any CPU
		{1108AAC3-B62F-4298-8399-A6209A2A92CD}.winphone_Debug|Any CPU.ActiveCfg = Debug|Any CPU
		{1108AAC3-B62F-4298-8399-A6209A2A92CD}.winphone_Debug|Any CPU.Build.0 = Debug|Any CPU
		{1108AAC3-B62F-4298-8399-A6209A2A92CD}.winphone_Debug|Mixed Platforms.ActiveCfg = Debug|Any CPU
		{1108AAC3-B62F-4298-8399-A6209A2A92CD}.winphone_Debug|Mixed Platforms.Build.0 = Debug|Any CPU
		{1108AAC3-B62F-4298-8399-A6209A2A92CD}.winphone_Debug|x86.ActiveCfg = Debug|Any CPU
		{1108AAC3-B62F-4298-8399-A6209A2A92CD}.winphone_Release|Any CPU.ActiveCfg = Release|Any CPU
		{1108AAC3-B62F-4298-8399-A6209A2A92CD}.winphone_Release|Any CPU.Build.0 = Release|Any CPU
		{1108AAC3-B62F-4298-8399-A6209A2A92CD}.winphone_Release|Mixed Platforms.ActiveCfg = Release|Any CPU
		{1108AAC3-B62F-4298-8399-A6209A2A92CD}.winphone_Release|Mixed Platforms.Build.0 = Release|Any CPU
		{1108AAC3-B62F-4298-8399-A6209A2A92CD}.winphone_Release|x86.ActiveCfg = Release|Any CPU
		{4E0E1B51-FEBB-4281-976F-816C5842D190}.Debug|Any CPU.ActiveCfg = Debug|x86
		{4E0E1B51-FEBB-4281-976F-816C5842D190}.Debug|Mixed Platforms.ActiveCfg = Debug|x86
		{4E0E1B51-FEBB-4281-976F-816C5842D190}.Debug|Mixed Platforms.Build.0 = Debug|x86
		{4E0E1B51-FEBB-4281-976F-816C5842D190}.Debug|x86.ActiveCfg = Debug|x86
		{4E0E1B51-FEBB-4281-976F-816C5842D190}.Debug|x86.Build.0 = Debug|x86
		{4E0E1B51-FEBB-4281-976F-816C5842D190}.net_2_0_Debug|Any CPU.ActiveCfg = Debug|x86
		{4E0E1B51-FEBB-4281-976F-816C5842D190}.net_2_0_Debug|Mixed Platforms.ActiveCfg = Debug|x86
		{4E0E1B51-FEBB-4281-976F-816C5842D190}.net_2_0_Debug|Mixed Platforms.Build.0 = Debug|x86
		{4E0E1B51-FEBB-4281-976F-816C5842D190}.net_2_0_Debug|x86.ActiveCfg = Debug|x86
		{4E0E1B51-FEBB-4281-976F-816C5842D190}.net_2_0_Debug|x86.Build.0 = Debug|x86
		{4E0E1B51-FEBB-4281-976F-816C5842D190}.net_2_0_Release|Any CPU.ActiveCfg = Release|x86
		{4E0E1B51-FEBB-4281-976F-816C5842D190}.net_2_0_Release|Mixed Platforms.ActiveCfg = Release|x86
		{4E0E1B51-FEBB-4281-976F-816C5842D190}.net_2_0_Release|Mixed Platforms.Build.0 = Release|x86
		{4E0E1B51-FEBB-4281-976F-816C5842D190}.net_2_0_Release|x86.ActiveCfg = Release|x86
		{4E0E1B51-FEBB-4281-976F-816C5842D190}.net_2_0_Release|x86.Build.0 = Release|x86
		{4E0E1B51-FEBB-4281-976F-816C5842D190}.net_3_5_Debug|Any CPU.ActiveCfg = Debug|x86
		{4E0E1B51-FEBB-4281-976F-816C5842D190}.net_3_5_Debug|Mixed Platforms.ActiveCfg = Debug|x86
		{4E0E1B51-FEBB-4281-976F-816C5842D190}.net_3_5_Debug|Mixed Platforms.Build.0 = Debug|x86
		{4E0E1B51-FEBB-4281-976F-816C5842D190}.net_3_5_Debug|x86.ActiveCfg = Debug|x86
		{4E0E1B51-FEBB-4281-976F-816C5842D190}.net_3_5_Debug|x86.Build.0 = Debug|x86
		{4E0E1B51-FEBB-4281-976F-816C5842D190}.net_3_5_Release|Any CPU.ActiveCfg = Release|x86
		{4E0E1B51-FEBB-4281-976F-816C5842D190}.net_3_5_Release|Mixed Platforms.ActiveCfg = Release|x86
		{4E0E1B51-FEBB-4281-976F-816C5842D190}.net_3_5_Release|Mixed Platforms.Build.0 = Release|x86
		{4E0E1B51-FEBB-4281-976F-816C5842D190}.net_3_5_Release|x86.ActiveCfg = Release|x86
		{4E0E1B51-FEBB-4281-976F-816C5842D190}.net_3_5_Release|x86.Build.0 = Release|x86
		{4E0E1B51-FEBB-4281-976F-816C5842D190}.net_4_0_Debug|Any CPU.ActiveCfg = Debug|x86
		{4E0E1B51-FEBB-4281-976F-816C5842D190}.net_4_0_Debug|Mixed Platforms.ActiveCfg = Debug|x86
		{4E0E1B51-FEBB-4281-976F-816C5842D190}.net_4_0_Debug|Mixed Platforms.Build.0 = Debug|x86
		{4E0E1B51-FEBB-4281-976F-816C5842D190}.net_4_0_Debug|x86.ActiveCfg = Debug|x86
		{4E0E1B51-FEBB-4281-976F-816C5842D190}.net_4_0_Debug|x86.Build.0 = Debug|x86
		{4E0E1B51-FEBB-4281-976F-816C5842D190}.net_4_0_Release|Any CPU.ActiveCfg = Release|x86
		{4E0E1B51-FEBB-4281-976F-816C5842D190}.net_4_0_Release|Mixed Platforms.ActiveCfg = Release|x86
		{4E0E1B51-FEBB-4281-976F-816C5842D190}.net_4_0_Release|Mixed Platforms.Build.0 = Release|x86
		{4E0E1B51-FEBB-4281-976F-816C5842D190}.net_4_0_Release|x86.ActiveCfg = Release|x86
		{4E0E1B51-FEBB-4281-976F-816C5842D190}.net_4_0_Release|x86.Build.0 = Release|x86
		{4E0E1B51-FEBB-4281-976F-816C5842D190}.Portable|Any CPU.ActiveCfg = Portable|x86
		{4E0E1B51-FEBB-4281-976F-816C5842D190}.Portable|Mixed Platforms.ActiveCfg = Portable|x86
		{4E0E1B51-FEBB-4281-976F-816C5842D190}.Portable|Mixed Platforms.Build.0 = Portable|x86
		{4E0E1B51-FEBB-4281-976F-816C5842D190}.Portable|x86.ActiveCfg = Portable|x86
		{4E0E1B51-FEBB-4281-976F-816C5842D190}.Portable|x86.Build.0 = Portable|x86
		{4E0E1B51-FEBB-4281-976F-816C5842D190}.Release|Any CPU.ActiveCfg = Release|x86
		{4E0E1B51-FEBB-4281-976F-816C5842D190}.Release|Mixed Platforms.ActiveCfg = Release|x86
		{4E0E1B51-FEBB-4281-976F-816C5842D190}.Release|Mixed Platforms.Build.0 = Release|x86
		{4E0E1B51-FEBB-4281-976F-816C5842D190}.Release|x86.ActiveCfg = Release|x86
		{4E0E1B51-FEBB-4281-976F-816C5842D190}.Release|x86.Build.0 = Release|x86
		{4E0E1B51-FEBB-4281-976F-816C5842D190}.silverlight_Debug|Any CPU.ActiveCfg = Debug|x86
		{4E0E1B51-FEBB-4281-976F-816C5842D190}.silverlight_Debug|Mixed Platforms.ActiveCfg = Debug|x86
		{4E0E1B51-FEBB-4281-976F-816C5842D190}.silverlight_Debug|Mixed Platforms.Build.0 = Debug|x86
		{4E0E1B51-FEBB-4281-976F-816C5842D190}.silverlight_Debug|x86.ActiveCfg = Debug|x86
		{4E0E1B51-FEBB-4281-976F-816C5842D190}.silverlight_Debug|x86.Build.0 = Debug|x86
		{4E0E1B51-FEBB-4281-976F-816C5842D190}.silverlight_Release|Any CPU.ActiveCfg = Release|x86
		{4E0E1B51-FEBB-4281-976F-816C5842D190}.silverlight_Release|Mixed Platforms.ActiveCfg = Release|x86
		{4E0E1B51-FEBB-4281-976F-816C5842D190}.silverlight_Release|Mixed Platforms.Build.0 = Release|x86
		{4E0E1B51-FEBB-4281-976F-816C5842D190}.silverlight_Release|x86.ActiveCfg = Release|x86
		{4E0E1B51-FEBB-4281-976F-816C5842D190}.silverlight_Release|x86.Build.0 = Release|x86
		{4E0E1B51-FEBB-4281-976F-816C5842D190}.winphone_Debug|Any CPU.ActiveCfg = Debug|x86
		{4E0E1B51-FEBB-4281-976F-816C5842D190}.winphone_Debug|Mixed Platforms.ActiveCfg = Debug|x86
		{4E0E1B51-FEBB-4281-976F-816C5842D190}.winphone_Debug|Mixed Platforms.Build.0 = Debug|x86
		{4E0E1B51-FEBB-4281-976F-816C5842D190}.winphone_Debug|x86.ActiveCfg = Debug|x86
		{4E0E1B51-FEBB-4281-976F-816C5842D190}.winphone_Debug|x86.Build.0 = Debug|x86
		{4E0E1B51-FEBB-4281-976F-816C5842D190}.winphone_Release|Any CPU.ActiveCfg = Release|x86
		{4E0E1B51-FEBB-4281-976F-816C5842D190}.winphone_Release|Mixed Platforms.ActiveCfg = Release|x86
		{4E0E1B51-FEBB-4281-976F-816C5842D190}.winphone_Release|Mixed Platforms.Build.0 = Release|x86
		{4E0E1B51-FEBB-4281-976F-816C5842D190}.winphone_Release|x86.ActiveCfg = Release|x86
		{4E0E1B51-FEBB-4281-976F-816C5842D190}.winphone_Release|x86.Build.0 = Release|x86
	EndGlobalSection
	GlobalSection(SolutionProperties) = preSolution
		HideSolutionNode = FALSE
	EndGlobalSection
	GlobalSection(Performance) = preSolution
		HasPerformanceSessions = true
	EndGlobalSection
EndGlobal
